// !$*UTF8*$!
{
	archiveVersion = 1;
	classes = {
	};
	objectVersion = 48;
	objects = {

/* Begin PBXBuildFile section */
		BE37E26B2013EDE900E7FDF6 /* AppDelegate.swift in Sources */ = {isa = PBXBuildFile; fileRef = BE37E26A2013EDE900E7FDF6 /* AppDelegate.swift */; };
		BE37E26D2013EDE900E7FDF6 /* TodoListViewController.swift in Sources */ = {isa = PBXBuildFile; fileRef = BE37E26C2013EDE900E7FDF6 /* TodoListViewController.swift */; };
		BE37E2702013EDE900E7FDF6 /* Main.storyboard in Resources */ = {isa = PBXBuildFile; fileRef = BE37E26E2013EDE900E7FDF6 /* Main.storyboard */; };
		BE37E2722013EDE900E7FDF6 /* Assets.xcassets in Resources */ = {isa = PBXBuildFile; fileRef = BE37E2712013EDE900E7FDF6 /* Assets.xcassets */; };
		BE37E2752013EDE900E7FDF6 /* LaunchScreen.storyboard in Resources */ = {isa = PBXBuildFile; fileRef = BE37E2732013EDE900E7FDF6 /* LaunchScreen.storyboard */; };
		BE5036582015554700845EC7 /* DataModel.xcdatamodeld in Sources */ = {isa = PBXBuildFile; fileRef = BE5036562015554700845EC7 /* DataModel.xcdatamodeld */; };
		BEAF86B7201679B0007BD17B /* CategoryViewController.swift in Sources */ = {isa = PBXBuildFile; fileRef = BEAF86B6201679B0007BD17B /* CategoryViewController.swift */; };
/* End PBXBuildFile section */

/* Begin PBXFileReference section */
		BE37E2672013EDE900E7FDF6 /* ToDos.app */ = {isa = PBXFileReference; explicitFileType = wrapper.application; includeInIndex = 0; path = ToDos.app; sourceTree = BUILT_PRODUCTS_DIR; };
		BE37E26A2013EDE900E7FDF6 /* AppDelegate.swift */ = {isa = PBXFileReference; lastKnownFileType = sourcecode.swift; path = AppDelegate.swift; sourceTree = "<group>"; };
		BE37E26C2013EDE900E7FDF6 /* TodoListViewController.swift */ = {isa = PBXFileReference; lastKnownFileType = sourcecode.swift; path = TodoListViewController.swift; sourceTree = "<group>"; };
		BE37E26F2013EDE900E7FDF6 /* Base */ = {isa = PBXFileReference; lastKnownFileType = file.storyboard; name = Base; path = Base.lproj/Main.storyboard; sourceTree = "<group>"; };
		BE37E2712013EDE900E7FDF6 /* Assets.xcassets */ = {isa = PBXFileReference; lastKnownFileType = folder.assetcatalog; path = Assets.xcassets; sourceTree = "<group>"; };
		BE37E2742013EDE900E7FDF6 /* Base */ = {isa = PBXFileReference; lastKnownFileType = file.storyboard; name = Base; path = Base.lproj/LaunchScreen.storyboard; sourceTree = "<group>"; };
		BE37E2762013EDE900E7FDF6 /* Info.plist */ = {isa = PBXFileReference; lastKnownFileType = text.plist.xml; path = Info.plist; sourceTree = "<group>"; };
		BE5036572015554700845EC7 /* DataModel.xcdatamodel */ = {isa = PBXFileReference; lastKnownFileType = wrapper.xcdatamodel; path = DataModel.xcdatamodel; sourceTree = "<group>"; };
		BEAF86B6201679B0007BD17B /* CategoryViewController.swift */ = {isa = PBXFileReference; lastKnownFileType = sourcecode.swift; path = CategoryViewController.swift; sourceTree = "<group>"; };
/* End PBXFileReference section */

/* Begin PBXFrameworksBuildPhase section */
		BE37E2642013EDE900E7FDF6 /* Frameworks */ = {
			isa = PBXFrameworksBuildPhase;
			buildActionMask = 2147483647;
			files = (
			);
			runOnlyForDeploymentPostprocessing = 0;
		};
/* End PBXFrameworksBuildPhase section */

/* Begin PBXGroup section */
		BE308F732014DD8F00DF71AE /* Data Model */ = {
			isa = PBXGroup;
			children = (
				BE5036562015554700845EC7 /* DataModel.xcdatamodeld */,
			);
			path = "Data Model";
			sourceTree = "<group>";
		};
		BE308F742014DDAA00DF71AE /* Controllers */ = {
			isa = PBXGroup;
			children = (
				BEAF86B6201679B0007BD17B /* CategoryViewController.swift */,
				BE37E26C2013EDE900E7FDF6 /* TodoListViewController.swift */,
			);
			path = Controllers;
			sourceTree = "<group>";
		};
		BE308F752014DDBD00DF71AE /* Views */ = {
			isa = PBXGroup;
			children = (
				BE37E26E2013EDE900E7FDF6 /* Main.storyboard */,
			);
			path = Views;
			sourceTree = "<group>";
		};
		BE308F762014DDD600DF71AE /* Supporting Files */ = {
			isa = PBXGroup;
			children = (
				BE37E2712013EDE900E7FDF6 /* Assets.xcassets */,
				BE37E2732013EDE900E7FDF6 /* LaunchScreen.storyboard */,
			);
			path = "Supporting Files";
			sourceTree = "<group>";
		};
		BE37E25E2013EDE900E7FDF6 = {
			isa = PBXGroup;
			children = (
				BE37E2692013EDE900E7FDF6 /* ToDos */,
				BE37E2682013EDE900E7FDF6 /* Products */,
			);
			sourceTree = "<group>";
		};
		BE37E2682013EDE900E7FDF6 /* Products */ = {
			isa = PBXGroup;
			children = (
				BE37E2672013EDE900E7FDF6 /* ToDos.app */,
			);
			name = Products;
			sourceTree = "<group>";
		};
		BE37E2692013EDE900E7FDF6 /* ToDos */ = {
			isa = PBXGroup;
			children = (
				BE37E26A2013EDE900E7FDF6 /* AppDelegate.swift */,
				BE308F742014DDAA00DF71AE /* Controllers */,
				BE308F732014DD8F00DF71AE /* Data Model */,
				BE308F752014DDBD00DF71AE /* Views */,
				BE308F762014DDD600DF71AE /* Supporting Files */,
				BE37E2762013EDE900E7FDF6 /* Info.plist */,
			);
			path = ToDos;
			sourceTree = "<group>";
		};
/* End PBXGroup section */

/* Begin PBXNativeTarget section */
		BE37E2662013EDE900E7FDF6 /* ToDos */ = {
			isa = PBXNativeTarget;
			buildConfigurationList = BE37E2792013EDE900E7FDF6 /* Build configuration list for PBXNativeTarget "ToDos" */;
			buildPhases = (
				BE37E2632013EDE900E7FDF6 /* Sources */,
				BE37E2642013EDE900E7FDF6 /* Frameworks */,
				BE37E2652013EDE900E7FDF6 /* Resources */,
			);
			buildRules = (
			);
			dependencies = (
			);
			name = ToDos;
			productName = ToDos;
			productReference = BE37E2672013EDE900E7FDF6 /* ToDos.app */;
			productType = "com.apple.product-type.application";
		};
/* End PBXNativeTarget section */

/* Begin PBXProject section */
		BE37E25F2013EDE900E7FDF6 /* Project object */ = {
			isa = PBXProject;
			attributes = {
				LastSwiftUpdateCheck = 0920;
				LastUpgradeCheck = 0920;
				ORGANIZATIONNAME = "Yanet Leon";
				TargetAttributes = {
					BE37E2662013EDE900E7FDF6 = {
						CreatedOnToolsVersion = 9.2;
						ProvisioningStyle = Automatic;
					};
				};
			};
			buildConfigurationList = BE37E2622013EDE900E7FDF6 /* Build configuration list for PBXProject "ToDos" */;
			compatibilityVersion = "Xcode 8.0";
			developmentRegion = en;
			hasScannedForEncodings = 0;
			knownRegions = (
				en,
				Base,
			);
			mainGroup = BE37E25E2013EDE900E7FDF6;
			productRefGroup = BE37E2682013EDE900E7FDF6 /* Products */;
			projectDirPath = "";
			projectRoot = "";
			targets = (
				BE37E2662013EDE900E7FDF6 /* ToDos */,
			);
		};
/* End PBXProject section */

/* Begin PBXResourcesBuildPhase section */
		BE37E2652013EDE900E7FDF6 /* Resources */ = {
			isa = PBXResourcesBuildPhase;
			buildActionMask = 2147483647;
			files = (
				BE37E2752013EDE900E7FDF6 /* LaunchScreen.storyboard in Resources */,
				BE37E2722013EDE900E7FDF6 /* Assets.xcassets in Resources */,
				BE37E2702013EDE900E7FDF6 /* Main.storyboard in Resources */,
			);
			runOnlyForDeploymentPostprocessing = 0;
		};
/* End PBXResourcesBuildPhase section */

/* Begin PBXSourcesBuildPhase section */
		BE37E2632013EDE900E7FDF6 /* Sources */ = {
			isa = PBXSourcesBuildPhase;
			buildActionMask = 2147483647;
			files = (
				BEAF86B7201679B0007BD17B /* CategoryViewController.swift in Sources */,
				BE37E26D2013EDE900E7FDF6 /* TodoListViewController.swift in Sources */,
				BE5036582015554700845EC7 /* DataModel.xcdatamodeld in Sources */,
				BE37E26B2013EDE900E7FDF6 /* AppDelegate.swift in Sources */,
			);
			runOnlyForDeploymentPostprocessing = 0;
		};
/* End PBXSourcesBuildPhase section */

/* Begin PBXVariantGroup section */
		BE37E26E2013EDE900E7FDF6 /* Main.storyboard */ = {
			isa = PBXVariantGroup;
			children = (
				BE37E26F2013EDE900E7FDF6 /* Base */,
			);
			name = Main.storyboard;
			sourceTree = "<group>";
		};
		BE37E2732013EDE900E7FDF6 /* LaunchScreen.storyboard */ = {
			isa = PBXVariantGroup;
			children = (
				BE37E2742013EDE900E7FDF6 /* Base */,
			);
			name = LaunchScreen.storyboard;
			sourceTree = "<group>";
		};
/* End PBXVariantGroup section */

/* Begin XCBuildConfiguration section */
		BE37E2772013EDE900E7FDF6 /* Debug */ = {
			isa = XCBuildConfiguration;
			buildSettings = {
				ALWAYS_SEARCH_USER_PATHS = NO;
				CLANG_ANALYZER_NONNULL = YES;
				CLANG_ANALYZER_NUMBER_OBJECT_CONVERSION = YES_AGGRESSIVE;
				CLANG_CXX_LANGUAGE_STANDARD = "gnu++14";
				CLANG_CXX_LIBRARY = "libc++";
				CLANG_ENABLE_MODULES = YES;
				CLANG_ENABLE_OBJC_ARC = YES;
				CLANG_WARN_BLOCK_CAPTURE_AUTORELEASING = YES;
				CLANG_WARN_BOOL_CONVERSION = YES;
				CLANG_WARN_COMMA = YES;
				CLANG_WARN_CONSTANT_CONVERSION = YES;
				CLANG_WARN_DIRECT_OBJC_ISA_USAGE = YES_ERROR;
				CLANG_WARN_DOCUMENTATION_COMMENTS = YES;
				CLANG_WARN_EMPTY_BODY = YES;
				CLANG_WARN_ENUM_CONVERSION = YES;
				CLANG_WARN_INFINITE_RECURSION = YES;
				CLANG_WARN_INT_CONVERSION = YES;
				CLANG_WARN_NON_LITERAL_NULL_CONVERSION = YES;
				CLANG_WARN_OBJC_LITERAL_CONVERSION = YES;
				CLANG_WARN_OBJC_ROOT_CLASS = YES_ERROR;
				CLANG_WARN_RANGE_LOOP_ANALYSIS = YES;
				CLANG_WARN_STRICT_PROTOTYPES = YES;
				CLANG_WARN_SUSPICIOUS_MOVE = YES;
				CLANG_WARN_UNGUARDED_AVAILABILITY = YES_AGGRESSIVE;
				CLANG_WARN_UNREACHABLE_CODE = YES;
				CLANG_WARN__DUPLICATE_METHOD_MATCH = YES;
				CODE_SIGN_IDENTITY = "iPhone Developer";
				COPY_PHASE_STRIP = NO;
				DEBUG_INFORMATION_FORMAT = dwarf;
				ENABLE_STRICT_OBJC_MSGSEND = YES;
				ENABLE_TESTABILITY = YES;
				GCC_C_LANGUAGE_STANDARD = gnu11;
				GCC_DYNAMIC_NO_PIC = NO;
				GCC_NO_COMMON_BLOCKS = YES;
				GCC_OPTIMIZATION_LEVEL = 0;
				GCC_PREPROCESSOR_DEFINITIONS = (
					"DEBUG=1",
					"$(inherited)",
				);
				GCC_WARN_64_TO_32_BIT_CONVERSION = YES;
				GCC_WARN_ABOUT_RETURN_TYPE = YES_ERROR;
				GCC_WARN_UNDECLARED_SELECTOR = YES;
				GCC_WARN_UNINITIALIZED_AUTOS = YES_AGGRESSIVE;
				GCC_WARN_UNUSED_FUNCTION = YES;
				GCC_WARN_UNUSED_VARIABLE = YES;
				IPHONEOS_DEPLOYMENT_TARGET = 11.2;
				MTL_ENABLE_DEBUG_INFO = YES;
				ONLY_ACTIVE_ARCH = YES;
				SDKROOT = iphoneos;
				SWIFT_ACTIVE_COMPILATION_CONDITIONS = DEBUG;
				SWIFT_OPTIMIZATION_LEVEL = "-Onone";
			};
			name = Debug;
		};
		BE37E2782013EDE900E7FDF6 /* Release */ = {
			isa = XCBuildConfiguration;
			buildSettings = {
				ALWAYS_SEARCH_USER_PATHS = NO;
				CLANG_ANALYZER_NONNULL = YES;
				CLANG_ANALYZER_NUMBER_OBJECT_CONVERSION = YES_AGGRESSIVE;
				CLANG_CXX_LANGUAGE_STANDARD = "gnu++14";
				CLANG_CXX_LIBRARY = "libc++";
				CLANG_ENABLE_MODULES = YES;
				CLANG_ENABLE_OBJC_ARC = YES;
				CLANG_WARN_BLOCK_CAPTURE_AUTORELEASING = YES;
				CLANG_WARN_BOOL_CONVERSION = YES;
				CLANG_WARN_COMMA = YES;
				CLANG_WARN_CONSTANT_CONVERSION = YES;
				CLANG_WARN_DIRECT_OBJC_ISA_USAGE = YES_ERROR;
				CLANG_WARN_DOCUMENTATION_COMMENTS = YES;
				CLANG_WARN_EMPTY_BODY = YES;
				CLANG_WARN_ENUM_CONVERSION = YES;
				CLANG_WARN_INFINITE_RECURSION = YES;
				CLANG_WARN_INT_CONVERSION = YES;
				CLANG_WARN_NON_LITERAL_NULL_CONVERSION = YES;
				CLANG_WARN_OBJC_LITERAL_CONVERSION = YES;
				CLANG_WARN_OBJC_ROOT_CLASS = YES_ERROR;
				CLANG_WARN_RANGE_LOOP_ANALYSIS = YES;
				CLANG_WARN_STRICT_PROTOTYPES = YES;
				CLANG_WARN_SUSPICIOUS_MOVE = YES;
				CLANG_WARN_UNGUARDED_AVAILABILITY = YES_AGGRESSIVE;
				CLANG_WARN_UNREACHABLE_CODE = YES;
				CLANG_WARN__DUPLICATE_METHOD_MATCH = YES;
				CODE_SIGN_IDENTITY = "iPhone Developer";
				COPY_PHASE_STRIP = NO;
				DEBUG_INFORMATION_FORMAT = "dwarf-with-dsym";
				ENABLE_NS_ASSERTIONS = NO;
				ENABLE_STRICT_OBJC_MSGSEND = YES;
				GCC_C_LANGUAGE_STANDARD = gnu11;
				GCC_NO_COMMON_BLOCKS = YES;
				GCC_WARN_64_TO_32_BIT_CONVERSION = YES;
				GCC_WARN_ABOUT_RETURN_TYPE = YES_ERROR;
				GCC_WARN_UNDECLARED_SELECTOR = YES;
				GCC_WARN_UNINITIALIZED_AUTOS = YES_AGGRESSIVE;
				GCC_WARN_UNUSED_FUNCTION = YES;
				GCC_WARN_UNUSED_VARIABLE = YES;
				IPHONEOS_DEPLOYMENT_TARGET = 11.2;
				MTL_ENABLE_DEBUG_INFO = NO;
				SDKROOT = iphoneos;
				SWIFT_OPTIMIZATION_LEVEL = "-Owholemodule";
				VALIDATE_PRODUCT = YES;
			};
			name = Release;
		};
		BE37E27A2013EDE900E7FDF6 /* Debug */ = {
			isa = XCBuildConfiguration;
			buildSettings = {
				ASSETCATALOG_COMPILER_APPICON_NAME = AppIcon;
				CODE_SIGN_STYLE = Automatic;
				DEVELOPMENT_TEAM = ZNN68TL673;
				INFOPLIST_FILE = ToDos/Info.plist;
				LD_RUNPATH_SEARCH_PATHS = "$(inherited) @executable_path/Frameworks";
				PRODUCT_BUNDLE_IDENTIFIER = io.croga.ToDos;
				PRODUCT_NAME = "$(TARGET_NAME)";
				SWIFT_VERSION = 4.0;
				TARGETED_DEVICE_FAMILY = "1,2";
			};
			name = Debug;
		};
		BE37E27B2013EDE900E7FDF6 /* Release */ = {
			isa = XCBuildConfiguration;
			buildSettings = {
				ASSETCATALOG_COMPILER_APPICON_NAME = AppIcon;
				CODE_SIGN_STYLE = Automatic;
				DEVELOPMENT_TEAM = ZNN68TL673;
				INFOPLIST_FILE = ToDos/Info.plist;
				LD_RUNPATH_SEARCH_PATHS = "$(inherited) @executable_path/Frameworks";
				PRODUCT_BUNDLE_IDENTIFIER = io.croga.ToDos;
				PRODUCT_NAME = "$(TARGET_NAME)";
				SWIFT_VERSION = 4.0;
				TARGETED_DEVICE_FAMILY = "1,2";
			};
			name = Release;
		};
/* End XCBuildConfiguration section */

/* Begin XCConfigurationList section */
		BE37E2622013EDE900E7FDF6 /* Build configuration list for PBXProject "ToDos" */ = {
			isa = XCConfigurationList;
			buildConfigurations = (
				BE37E2772013EDE900E7FDF6 /* Debug */,
				BE37E2782013EDE900E7FDF6 /* Release */,
			);
			defaultConfigurationIsVisible = 0;
			defaultConfigurationName = Release;
		};
		BE37E2792013EDE900E7FDF6 /* Build configuration list for PBXNativeTarget "ToDos" */ = {
			isa = XCConfigurationList;
			buildConfigurations = (
				BE37E27A2013EDE900E7FDF6 /* Debug */,
				BE37E27B2013EDE900E7FDF6 /* Release */,
			);
			defaultConfigurationIsVisible = 0;
			defaultConfigurationName = Release;
		};
/* End XCConfigurationList section */

/* Begin XCVersionGroup section */
		BE5036562015554700845EC7 /* DataModel.xcdatamodeld */ = {
			isa = XCVersionGroup;
			children = (
				BE5036572015554700845EC7 /* DataModel.xcdatamodel */,
			);
			currentVersion = BE5036572015554700845EC7 /* DataModel.xcdatamodel */;
			path = DataModel.xcdatamodeld;
			sourceTree = "<group>";
			versionGroupType = wrapper.xcdatamodel;
		};
/* End XCVersionGroup section */
	};
	rootObject = BE37E25F2013EDE900E7FDF6 /* Project object */;
}
